{
  "requires": true,
  "lockfileVersion": 1,
  "dependencies": {
    "mini-ali-ui": {
      "version": "1.1.7",
      "resolved": "https://registry.npmjs.org/mini-ali-ui/-/mini-ali-ui-1.1.7.tgz",
      "integrity": "sha512-xZwG34maQIVAEyox/ueN0m3cQu+yaP/6bo708ooMn6adL8k6o5EoA9AyxCURKFO/gH0ZW91gHTKXenQVB4yehA=="
    }
  }
}
